
Microsoft Visual Studio Solution File, Format Version 12.00
# Visual Studio Version 17
VisualStudioVersion = 17.14.35906.104 d17.14
MinimumVisualStudioVersion = 10.0.40219.1
Project("{FAE04EC0-301F-11D3-BF4B-00C04F79EFBC}") = "OrderService", "OrderService\OrderService.csproj", "{411FB1F1-CB12-48F8-852B-2615B782165D}"
EndProject
Project("{FAE04EC0-301F-11D3-BF4B-00C04F79EFBC}") = "OrderForm", "OrderForm\OrderForm.csproj", "{440D0F31-4D38-4F6A-A44B-D4C92BBA34F3}"
EndProject
Global
	GlobalSection(SolutionConfigurationPlatforms) = preSolution
		Debug|Any CPU = Debug|Any CPU
		Release|Any CPU = Release|Any CPU
	EndGlobalSection
	GlobalSection(ProjectConfigurationPlatforms) = postSolution
		{411FB1F1-CB12-48F8-852B-2615B782165D}.Debug|Any CPU.ActiveCfg = Debug|Any CPU
		{411FB1F1-CB12-48F8-852B-2615B782165D}.Debug|Any CPU.Build.0 = Debug|Any CPU
		{411FB1F1-CB12-48F8-852B-2615B782165D}.Release|Any CPU.ActiveCfg = Release|Any CPU
		{411FB1F1-CB12-48F8-852B-2615B782165D}.Release|Any CPU.Build.0 = Release|Any CPU
		{440D0F31-4D38-4F6A-A44B-D4C92BBA34F3}.Debug|Any CPU.ActiveCfg = Debug|Any CPU
		{440D0F31-4D38-4F6A-A44B-D4C92BBA34F3}.Debug|Any CPU.Build.0 = Debug|Any CPU
		{440D0F31-4D38-4F6A-A44B-D4C92BBA34F3}.Release|Any CPU.ActiveCfg = Release|Any CPU
		{440D0F31-4D38-4F6A-A44B-D4C92BBA34F3}.Release|Any CPU.Build.0 = Release|Any CPU
	EndGlobalSection
	GlobalSection(SolutionProperties) = preSolution
		HideSolutionNode = FALSE
	EndGlobalSection
	GlobalSection(ExtensibilityGlobals) = postSolution
		SolutionGuid = {83B3A137-6E91-4EC0-8592-30F329D11C0E}
	EndGlobalSection
EndGlobal
