
Microsoft Visual Studio Solution File, Format Version 12.00
# Visual Studio Version 17
VisualStudioVersion = 17.11.35312.102
MinimumVisualStudioVersion = 10.0.40219.1
Project("{9A19103F-16F7-4668-BE54-9A1E7A4F7556}") = "hw", "hw1\hw.csproj", "{DAFBDFBB-0B57-4CDF-B5CA-DBC0DA92CE7D}"
EndProject
Global
	GlobalSection(SolutionConfigurationPlatforms) = preSolution
		Debug|Any CPU = Debug|Any CPU
		Release|Any CPU = Release|Any CPU
	EndGlobalSection
	GlobalSection(ProjectConfigurationPlatforms) = postSolution
		{DAFBDFBB-0B57-4CDF-B5CA-DBC0DA92CE7D}.Debug|Any CPU.ActiveCfg = Debug|Any CPU
		{DAFBDFBB-0B57-4CDF-B5CA-DBC0DA92CE7D}.Debug|Any CPU.Build.0 = Debug|Any CPU
		{DAFBDFBB-0B57-4CDF-B5CA-DBC0DA92CE7D}.Release|Any CPU.ActiveCfg = Release|Any CPU
		{DAFBDFBB-0B57-4CDF-B5CA-DBC0DA92CE7D}.Release|Any CPU.Build.0 = Release|Any CPU
	EndGlobalSection
	GlobalSection(SolutionProperties) = preSolution
		HideSolutionNode = FALSE
	EndGlobalSection
	GlobalSection(ExtensibilityGlobals) = postSolution
		SolutionGuid = {F593E2B3-8F79-478A-B263-436F1C1A552F}
	EndGlobalSection
EndGlobal
